// !$*UTF8*$!
{
	archiveVersion = 1;
	classes = {
	};
	objectVersion = 46;
	objects = {

/* Begin PBXBuildFile section */
		1951B78E833D581ED6D620FD /* include_juce_graphics.mm */ = {isa = PBXBuildFile; fileRef = 003BA0ED4DFCEB3FE7F6577A; };
		1C86C6A64EB08BBF0DCFE2A7 /* BluetoothSender.mm */ = {isa = PBXBuildFile; fileRef = 5AE8C33BF18860A3D1DE91E3; };
		1E673B1D4DD1FF3EEE506103 /* IOKit.framework */ = {isa = PBXBuildFile; fileRef = 9BBDD61E606008944C39508E; };
		2274E5E33881397E36CA7BB3 /* MainComponent.cpp */ = {isa = PBXBuildFile; fileRef = 5ED652A6C66795A632C13280; };
		3674ECA3115DD5D5B992B210 /* Cocoa.framework */ = {isa = PBXBuildFile; fileRef = F9EED0EA40C62BF07AEC8948; };
		3920D977828B50B1539E335F /* include_juce_core.mm */ = {isa = PBXBuildFile; fileRef = C14C4FAEAD964035FD496FD1; };
		44967A9136D1FD74F5052482 /* include_juce_gui_basics.mm */ = {isa = PBXBuildFile; fileRef = D040FB7CEAEF471C32FCEE2B; };
		509C61141E78330FA7945F2A /* Foundation.framework */ = {isa = PBXBuildFile; fileRef = B47670BBEC043EC5C3E47115; };
		83E1FDE4D7215D90D7179DEC /* Security.framework */ = {isa = PBXBuildFile; fileRef = B082B6165A94419D39FEFCCF; };
		959C4C615C9E7C1D1A31D141 /* include_juce_graphics_Harfbuzz.cpp */ = {isa = PBXBuildFile; fileRef = 126A4AF012B614A1F6D8AF67; };
		9A474AC42B5D533D639651ED /* include_juce_events.mm */ = {isa = PBXBuildFile; fileRef = 1DBE419D3A229619B63F63BA; };
		9E50EEE72EA69572023E5443 /* include_juce_graphics_Sheenbidi.c */ = {isa = PBXBuildFile; fileRef = 6A99C941B9C2701890DA4984; };
		AC88AC3816A0978449FD77EA /* MetalKit.framework */ = {isa = PBXBuildFile; fileRef = A3FCF2DC0F41F55EA85C1F21; settings = { ATTRIBUTES = (Weak, ); }; };
		ACF5FEE949B6D69E6C60EEFF /* QuartzCore.framework */ = {isa = PBXBuildFile; fileRef = D89EEDC24AE35BF1A4778F90; };
		ADB413A090B221AD40CA8733 /* RecentFilesMenuTemplate.nib */ = {isa = PBXBuildFile; fileRef = 0B6E4669DC92EFEF1E61616A; };
		B12F9056D286F0A75E53BAF2 /* include_juce_data_structures.mm */ = {isa = PBXBuildFile; fileRef = A6881C4427FF82561A30F171; };
		B292445E91BB570372756722 /* App */ = {isa = PBXBuildFile; fileRef = A0F5341CFCE3E7B8C71FFC2D; };
		B5D3C766C417A798BDCCF98E /* Metal.framework */ = {isa = PBXBuildFile; fileRef = 065FE84FB3D0542852BBC12D; settings = { ATTRIBUTES = (Weak, ); }; };
		BD3292181AFD0E70444B78ED /* Main.cpp */ = {isa = PBXBuildFile; fileRef = D301F90B56E42EEC1839A6A4; };
		BDED00B98E55B43C8A65A455 /* include_juce_core_CompilationTime.cpp */ = {isa = PBXBuildFile; fileRef = EEBB997097EA00078EC553C0; };
/* End PBXBuildFile section */

/* Begin PBXFileReference section */
		003BA0ED4DFCEB3FE7F6577A /* include_juce_graphics.mm */ /* include_juce_graphics.mm */ = {isa = PBXFileReference; lastKnownFileType = sourcecode.cpp.objcpp; name = include_juce_graphics.mm; path = ../../JuceLibraryCode/include_juce_graphics.mm; sourceTree = SOURCE_ROOT; };
		03F22A3712F07E9F7A3ABD29 /* juce_data_structures */ /* juce_data_structures */ = {isa = PBXFileReference; lastKnownFileType = folder; name = juce_data_structures; path = /Users/lukeamos/Documents/JUCE/modules/juce_data_structures; sourceTree = "<absolute>"; };
		065FE84FB3D0542852BBC12D /* Metal.framework */ /* Metal.framework */ = {isa = PBXFileReference; lastKnownFileType = wrapper.framework; name = Metal.framework; path = System/Library/Frameworks/Metal.framework; sourceTree = SDKROOT; };
		0B6E4669DC92EFEF1E61616A /* RecentFilesMenuTemplate.nib */ /* RecentFilesMenuTemplate.nib */ = {isa = PBXFileReference; lastKnownFileType = file.nib; name = RecentFilesMenuTemplate.nib; path = RecentFilesMenuTemplate.nib; sourceTree = SOURCE_ROOT; };
		0F89C349EF3769D0C801D803 /* juce_gui_basics */ /* juce_gui_basics */ = {isa = PBXFileReference; lastKnownFileType = folder; name = juce_gui_basics; path = /Users/lukeamos/Documents/JUCE/modules/juce_gui_basics; sourceTree = "<absolute>"; };
		126A4AF012B614A1F6D8AF67 /* include_juce_graphics_Harfbuzz.cpp */ /* include_juce_graphics_Harfbuzz.cpp */ = {isa = PBXFileReference; lastKnownFileType = sourcecode.cpp.cpp; name = include_juce_graphics_Harfbuzz.cpp; path = ../../JuceLibraryCode/include_juce_graphics_Harfbuzz.cpp; sourceTree = SOURCE_ROOT; };
		1532B49A3B91CD4D3C03453C /* juce_graphics */ /* juce_graphics */ = {isa = PBXFileReference; lastKnownFileType = folder; name = juce_graphics; path = /Users/lukeamos/Documents/JUCE/modules/juce_graphics; sourceTree = "<absolute>"; };
		1DBE419D3A229619B63F63BA /* include_juce_events.mm */ /* include_juce_events.mm */ = {isa = PBXFileReference; lastKnownFileType = sourcecode.cpp.objcpp; name = include_juce_events.mm; path = ../../JuceLibraryCode/include_juce_events.mm; sourceTree = SOURCE_ROOT; };
		21D3036FB2C38E71FDCA75E7 /* juce_core */ /* juce_core */ = {isa = PBXFileReference; lastKnownFileType = folder; name = juce_core; path = /Users/lukeamos/Documents/JUCE/modules/juce_core; sourceTree = "<absolute>"; };
		40F5AA5A8A91D64A6E29F122 /* JuceHeader.h */ /* JuceHeader.h */ = {isa = PBXFileReference; lastKnownFileType = sourcecode.c.h; name = JuceHeader.h; path = ../../JuceLibraryCode/JuceHeader.h; sourceTree = SOURCE_ROOT; };
		5AE8C33BF18860A3D1DE91E3 /* BluetoothSender.mm */ /* BluetoothSender.mm */ = {isa = PBXFileReference; lastKnownFileType = sourcecode.cpp.objcpp; name = BluetoothSender.mm; path = ../../Source/BluetoothSender.mm; sourceTree = SOURCE_ROOT; };
		5ED652A6C66795A632C13280 /* MainComponent.cpp */ /* MainComponent.cpp */ = {isa = PBXFileReference; lastKnownFileType = sourcecode.cpp.cpp; name = MainComponent.cpp; path = ../../Source/MainComponent.cpp; sourceTree = SOURCE_ROOT; };
		6A99C941B9C2701890DA4984 /* include_juce_graphics_Sheenbidi.c */ /* include_juce_graphics_Sheenbidi.c */ = {isa = PBXFileReference; lastKnownFileType = sourcecode.c.c; name = include_juce_graphics_Sheenbidi.c; path = ../../JuceLibraryCode/include_juce_graphics_Sheenbidi.c; sourceTree = SOURCE_ROOT; };
		9BBDD61E606008944C39508E /* IOKit.framework */ /* IOKit.framework */ = {isa = PBXFileReference; lastKnownFileType = wrapper.framework; name = IOKit.framework; path = System/Library/Frameworks/IOKit.framework; sourceTree = SDKROOT; };
		A0F5341CFCE3E7B8C71FFC2D /* App */ = {isa = PBXFileReference; explicitFileType = wrapper.application; includeInIndex = 0; path = PrototypeNoisiTestingPlatform.app; sourceTree = BUILT_PRODUCTS_DIR; };
		A3FCF2DC0F41F55EA85C1F21 /* MetalKit.framework */ /* MetalKit.framework */ = {isa = PBXFileReference; lastKnownFileType = wrapper.framework; name = MetalKit.framework; path = System/Library/Frameworks/MetalKit.framework; sourceTree = SDKROOT; };
		A5CCBE6E3CBB4334FF576A41 /* LookAndFeel.h */ /* LookAndFeel.h */ = {isa = PBXFileReference; lastKnownFileType = sourcecode.c.h; name = LookAndFeel.h; path = ../../Source/LookAndFeel.h; sourceTree = SOURCE_ROOT; };
		A6881C4427FF82561A30F171 /* include_juce_data_structures.mm */ /* include_juce_data_structures.mm */ = {isa = PBXFileReference; lastKnownFileType = sourcecode.cpp.objcpp; name = include_juce_data_structures.mm; path = ../../JuceLibraryCode/include_juce_data_structures.mm; sourceTree = SOURCE_ROOT; };
		B082B6165A94419D39FEFCCF /* Security.framework */ /* Security.framework */ = {isa = PBXFileReference; lastKnownFileType = wrapper.framework; name = Security.framework; path = System/Library/Frameworks/Security.framework; sourceTree = SDKROOT; };
		B47670BBEC043EC5C3E47115 /* Foundation.framework */ /* Foundation.framework */ = {isa = PBXFileReference; lastKnownFileType = wrapper.framework; name = Foundation.framework; path = System/Library/Frameworks/Foundation.framework; sourceTree = SDKROOT; };
		B9AB7C5D49C14D5B8CC178F2 /* juce_events */ /* juce_events */ = {isa = PBXFileReference; lastKnownFileType = folder; name = juce_events; path = /Users/lukeamos/Documents/JUCE/modules/juce_events; sourceTree = "<absolute>"; };
		C14C4FAEAD964035FD496FD1 /* include_juce_core.mm */ /* include_juce_core.mm */ = {isa = PBXFileReference; lastKnownFileType = sourcecode.cpp.objcpp; name = include_juce_core.mm; path = ../../JuceLibraryCode/include_juce_core.mm; sourceTree = SOURCE_ROOT; };
		D040FB7CEAEF471C32FCEE2B /* include_juce_gui_basics.mm */ /* include_juce_gui_basics.mm */ = {isa = PBXFileReference; lastKnownFileType = sourcecode.cpp.objcpp; name = include_juce_gui_basics.mm; path = ../../JuceLibraryCode/include_juce_gui_basics.mm; sourceTree = SOURCE_ROOT; };
		D301F90B56E42EEC1839A6A4 /* Main.cpp */ /* Main.cpp */ = {isa = PBXFileReference; lastKnownFileType = sourcecode.cpp.cpp; name = Main.cpp; path = ../../Source/Main.cpp; sourceTree = SOURCE_ROOT; };
		D89EEDC24AE35BF1A4778F90 /* QuartzCore.framework */ /* QuartzCore.framework */ = {isa = PBXFileReference; lastKnownFileType = wrapper.framework; name = QuartzCore.framework; path = System/Library/Frameworks/QuartzCore.framework; sourceTree = SDKROOT; };
		D93D14F35DAD5BD44453D8BB /* Info-App.plist */ /* Info-App.plist */ = {isa = PBXFileReference; lastKnownFileType = text.plist.xml; name = "Info-App.plist"; path = "Info-App.plist"; sourceTree = SOURCE_ROOT; };
		DE8112FE0943ADB447D9C60E /* MainComponent.h */ /* MainComponent.h */ = {isa = PBXFileReference; lastKnownFileType = sourcecode.c.h; name = MainComponent.h; path = ../../Source/MainComponent.h; sourceTree = SOURCE_ROOT; };
		EEBB997097EA00078EC553C0 /* include_juce_core_CompilationTime.cpp */ /* include_juce_core_CompilationTime.cpp */ = {isa = PBXFileReference; lastKnownFileType = sourcecode.cpp.cpp; name = include_juce_core_CompilationTime.cpp; path = ../../JuceLibraryCode/include_juce_core_CompilationTime.cpp; sourceTree = SOURCE_ROOT; };
		EFB02FAEC3DA84FBD0218544 /* BluetoothSender.h */ /* BluetoothSender.h */ = {isa = PBXFileReference; lastKnownFileType = sourcecode.c.h; name = BluetoothSender.h; path = ../../Source/BluetoothSender.h; sourceTree = SOURCE_ROOT; };
		F9EED0EA40C62BF07AEC8948 /* Cocoa.framework */ /* Cocoa.framework */ = {isa = PBXFileReference; lastKnownFileType = wrapper.framework; name = Cocoa.framework; path = System/Library/Frameworks/Cocoa.framework; sourceTree = SDKROOT; };
/* End PBXFileReference section */

/* Begin PBXFrameworksBuildPhase section */
		2D95F245B9F953DA5FA8B721 = {
			isa = PBXFrameworksBuildPhase;
			buildActionMask = 2147483647;
			files = (
				3674ECA3115DD5D5B992B210,
				509C61141E78330FA7945F2A,
				1E673B1D4DD1FF3EEE506103,
				ACF5FEE949B6D69E6C60EEFF,
				83E1FDE4D7215D90D7179DEC,
				B5D3C766C417A798BDCCF98E,
				AC88AC3816A0978449FD77EA,
			);
			runOnlyForDeploymentPostprocessing = 0;
		};
/* End PBXFrameworksBuildPhase section */

/* Begin PBXGroup section */
		06B8829347BEA5113EDCC63C /* JUCE Modules */ = {
			isa = PBXGroup;
			children = (
				21D3036FB2C38E71FDCA75E7,
				03F22A3712F07E9F7A3ABD29,
				B9AB7C5D49C14D5B8CC178F2,
				1532B49A3B91CD4D3C03453C,
				0F89C349EF3769D0C801D803,
			);
			name = "JUCE Modules";
			sourceTree = "<group>";
		};
		088E251EF68B24A24D67E348 /* Source */ = {
			isa = PBXGroup;
			children = (
				31CA96C4EF32CACB64E9815A,
				06B8829347BEA5113EDCC63C,
				2213E8BFA050BA07437A339F,
				5316F694A06FA8DE1C25865B,
				C9FE6DEC61C6839263B35B02,
				A76C57803995B7880798AEF0,
			);
			name = Source;
			sourceTree = "<group>";
		};
		0B0D31D125CA7759F3087804 /* Source */ = {
			isa = PBXGroup;
			children = (
				5AE8C33BF18860A3D1DE91E3,
				EFB02FAEC3DA84FBD0218544,
				A5CCBE6E3CBB4334FF576A41,
				D301F90B56E42EEC1839A6A4,
				DE8112FE0943ADB447D9C60E,
				5ED652A6C66795A632C13280,
			);
			name = Source;
			sourceTree = "<group>";
		};
		2213E8BFA050BA07437A339F /* JUCE Library Code */ = {
			isa = PBXGroup;
			children = (
				C14C4FAEAD964035FD496FD1,
				EEBB997097EA00078EC553C0,
				A6881C4427FF82561A30F171,
				1DBE419D3A229619B63F63BA,
				003BA0ED4DFCEB3FE7F6577A,
				126A4AF012B614A1F6D8AF67,
				6A99C941B9C2701890DA4984,
				D040FB7CEAEF471C32FCEE2B,
				40F5AA5A8A91D64A6E29F122,
			);
			name = "JUCE Library Code";
			sourceTree = "<group>";
		};
		31CA96C4EF32CACB64E9815A /* PrototypeNoisiTestingPlatform */ = {
			isa = PBXGroup;
			children = (
				0B0D31D125CA7759F3087804,
			);
			name = PrototypeNoisiTestingPlatform;
			sourceTree = "<group>";
		};
		5316F694A06FA8DE1C25865B /* Resources */ = {
			isa = PBXGroup;
			children = (
				D93D14F35DAD5BD44453D8BB,
				0B6E4669DC92EFEF1E61616A,
			);
			name = Resources;
			sourceTree = "<group>";
		};
		A76C57803995B7880798AEF0 /* Products */ = {
			isa = PBXGroup;
			children = (
				A0F5341CFCE3E7B8C71FFC2D,
			);
			name = Products;
			sourceTree = "<group>";
		};
		C9FE6DEC61C6839263B35B02 /* Frameworks */ = {
			isa = PBXGroup;
			children = (
				F9EED0EA40C62BF07AEC8948,
				B47670BBEC043EC5C3E47115,
				9BBDD61E606008944C39508E,
				D89EEDC24AE35BF1A4778F90,
				B082B6165A94419D39FEFCCF,
				065FE84FB3D0542852BBC12D,
				A3FCF2DC0F41F55EA85C1F21,
			);
			name = Frameworks;
			sourceTree = "<group>";
		};
/* End PBXGroup section */

/* Begin PBXNativeTarget section */
		695B6AE24E5E780FA1C7BC9E /* PrototypeNoisiTestingPlatform - App */ = {
			isa = PBXNativeTarget;
			buildConfigurationList = D1791FB34A8BE451EBC000D0;
			buildPhases = (
				E90AECBF9426B60595490803,
				62A9DC2723A65211AF0F91F3,
				2D95F245B9F953DA5FA8B721,
			);
			buildRules = (
			);
			dependencies = (
			);
			name = "PrototypeNoisiTestingPlatform - App";
			productName = PrototypeNoisiTestingPlatform;
			productReference = A0F5341CFCE3E7B8C71FFC2D;
			productType = "com.apple.product-type.application";
		};
/* End PBXNativeTarget section */

/* Begin PBXProject section */
		B9237B1805B34AD96732F1D7 = {
			isa = PBXProject;
			attributes = {
				BuildIndependentTargetsInParallel = YES;
				LastUpgradeCheck = 1340;
				ORGANIZATIONNAME = "";
				TargetAttributes = {
					695B6AE24E5E780FA1C7BC9E = {
						SystemCapabilities = {
							com.apple.ApplicationGroups.iOS = {
								enabled = 0;
							};
							com.apple.HardenedRuntime = {
								enabled = 0;
							};
							com.apple.InAppPurchase = {
								enabled = 0;
							};
							com.apple.InterAppAudio = {
								enabled = 0;
							};
							com.apple.Push = {
								enabled = 0;
							};
							com.apple.Sandbox = {
								enabled = 0;
							};
						};
					};
				};
			};
			buildConfigurationList = 37257AF59F1DB98497C3025A;
			compatibilityVersion = "Xcode 3.2";
			hasScannedForEncodings = 0;
			knownRegions = (
				en,
				Base,
			);
			mainGroup = 088E251EF68B24A24D67E348;
			projectDirPath = "";
			projectRoot = "";
			targets = (
				695B6AE24E5E780FA1C7BC9E,
			);
		};
/* End PBXProject section */

/* Begin PBXResourcesBuildPhase section */
		E90AECBF9426B60595490803 = {
			isa = PBXResourcesBuildPhase;
			buildActionMask = 2147483647;
			files = (
				ADB413A090B221AD40CA8733,
			);
			runOnlyForDeploymentPostprocessing = 0;
		};
/* End PBXResourcesBuildPhase section */

/* Begin PBXSourcesBuildPhase section */
		62A9DC2723A65211AF0F91F3 = {
			isa = PBXSourcesBuildPhase;
			buildActionMask = 2147483647;
			files = (
				1C86C6A64EB08BBF0DCFE2A7,
				BD3292181AFD0E70444B78ED,
				2274E5E33881397E36CA7BB3,
				3920D977828B50B1539E335F,
				BDED00B98E55B43C8A65A455,
				B12F9056D286F0A75E53BAF2,
				9A474AC42B5D533D639651ED,
				1951B78E833D581ED6D620FD,
				959C4C615C9E7C1D1A31D141,
				9E50EEE72EA69572023E5443,
				44967A9136D1FD74F5052482,
			);
			runOnlyForDeploymentPostprocessing = 0;
		};
/* End PBXSourcesBuildPhase section */

/* Begin XCBuildConfiguration section */
		11E5853AE0DFE79CD22C2F35 /* Debug */ = {
			isa = XCBuildConfiguration;
			buildSettings = {
				CLANG_CXX_LANGUAGE_STANDARD = "c++17";
				CLANG_CXX_LIBRARY = "libc++";
				CLANG_LINK_OBJC_RUNTIME = NO;
				COMBINE_HIDPI_IMAGES = YES;
				CONFIGURATION_BUILD_DIR = "$(PROJECT_DIR)/build/$(CONFIGURATION)";
				COPY_PHASE_STRIP = NO;
				EXCLUDED_ARCHS = "";
				GCC_DYNAMIC_NO_PIC = NO;
				GCC_OPTIMIZATION_LEVEL = 0;
				GCC_PREPROCESSOR_DEFINITIONS = (
					"_DEBUG=1",
					"DEBUG=1",
					"JUCE_PROJUCER_VERSION=0x8000c",
					"JUCE_MODULE_AVAILABLE_juce_core=1",
					"JUCE_MODULE_AVAILABLE_juce_data_structures=1",
					"JUCE_MODULE_AVAILABLE_juce_events=1",
					"JUCE_MODULE_AVAILABLE_juce_graphics=1",
					"JUCE_MODULE_AVAILABLE_juce_gui_basics=1",
					"JUCE_GLOBAL_MODULE_SETTINGS_INCLUDED=1",
					"JUCE_STRICT_REFCOUNTEDPOINTER=1",
					"JUCE_STANDALONE_APPLICATION=1",
					"JUCER_XCODE_MAC_F6D2F4CF=1",
					"JUCE_APP_VERSION=1.0.0",
					"JUCE_APP_VERSION_HEX=0x10000",
					"JucePlugin_Build_VST=0",
					"JucePlugin_Build_VST3=0",
					"JucePlugin_Build_AU=0",
					"JucePlugin_Build_AUv3=0",
					"JucePlugin_Build_AAX=0",
					"JucePlugin_Build_Standalone=0",
					"JucePlugin_Build_Unity=0",
					"JucePlugin_Build_LV2=0",
				);
				GCC_VERSION = com.apple.compilers.llvm.clang.1_0;
				HEADER_SEARCH_PATHS = (
					"$(SRCROOT)/../../JuceLibraryCode",
					"/Users/lukeamos/Documents/JUCE/modules",
					"$(inherited)",
				);
				INFOPLIST_FILE = Info-App.plist;
				INFOPLIST_PREPROCESS = NO;
				INSTALL_PATH = "$(HOME)/Applications";
				MACOSX_DEPLOYMENT_TARGET = 10.13;
				MTL_HEADER_SEARCH_PATHS = "$(SRCROOT)/../../JuceLibraryCode /Users/lukeamos/Documents/JUCE/modules";
				PRODUCT_BUNDLE_IDENTIFIER = com.yourcompany.PrototypeNoisiTestingPlatform;
				PRODUCT_NAME = "PrototypeNoisiTestingPlatform";
				USE_HEADERMAP = NO;
				VALID_ARCHS = "i386 x86_64 arm64 arm64e";
			};
			name = Debug;
		};
		61A52895ED47C85A0756FD89 /* Release */ = {
			isa = XCBuildConfiguration;
			buildSettings = {
				CLANG_CXX_LANGUAGE_STANDARD = "c++17";
				CLANG_CXX_LIBRARY = "libc++";
				CLANG_LINK_OBJC_RUNTIME = NO;
				COMBINE_HIDPI_IMAGES = YES;
				CONFIGURATION_BUILD_DIR = "$(PROJECT_DIR)/build/$(CONFIGURATION)";
				DEAD_CODE_STRIPPING = YES;
				EXCLUDED_ARCHS = "";
				GCC_GENERATE_DEBUGGING_SYMBOLS = NO;
				GCC_OPTIMIZATION_LEVEL = 3;
				GCC_PREPROCESSOR_DEFINITIONS = (
					"_NDEBUG=1",
					"NDEBUG=1",
					"JUCE_PROJUCER_VERSION=0x8000c",
					"JUCE_MODULE_AVAILABLE_juce_core=1",
					"JUCE_MODULE_AVAILABLE_juce_data_structures=1",
					"JUCE_MODULE_AVAILABLE_juce_events=1",
					"JUCE_MODULE_AVAILABLE_juce_graphics=1",
					"JUCE_MODULE_AVAILABLE_juce_gui_basics=1",
					"JUCE_GLOBAL_MODULE_SETTINGS_INCLUDED=1",
					"JUCE_STRICT_REFCOUNTEDPOINTER=1",
					"JUCE_STANDALONE_APPLICATION=1",
					"JUCER_XCODE_MAC_F6D2F4CF=1",
					"JUCE_APP_VERSION=1.0.0",
					"JUCE_APP_VERSION_HEX=0x10000",
					"JucePlugin_Build_VST=0",
					"JucePlugin_Build_VST3=0",
					"JucePlugin_Build_AU=0",
					"JucePlugin_Build_AUv3=0",
					"JucePlugin_Build_AAX=0",
					"JucePlugin_Build_Standalone=0",
					"JucePlugin_Build_Unity=0",
					"JucePlugin_Build_LV2=0",
				);
				GCC_VERSION = com.apple.compilers.llvm.clang.1_0;
				HEADER_SEARCH_PATHS = (
					"$(SRCROOT)/../../JuceLibraryCode",
					"/Users/lukeamos/Documents/JUCE/modules",
					"$(inherited)",
				);
				INFOPLIST_FILE = Info-App.plist;
				INFOPLIST_PREPROCESS = NO;
				INSTALL_PATH = "$(HOME)/Applications";
				LLVM_LTO = YES;
				MACOSX_DEPLOYMENT_TARGET = 10.13;
				MTL_HEADER_SEARCH_PATHS = "$(SRCROOT)/../../JuceLibraryCode /Users/lukeamos/Documents/JUCE/modules";
				PRODUCT_BUNDLE_IDENTIFIER = com.yourcompany.PrototypeNoisiTestingPlatform;
				PRODUCT_NAME = "PrototypeNoisiTestingPlatform";
				USE_HEADERMAP = NO;
				VALID_ARCHS = "i386 x86_64 arm64 arm64e";
			};
			name = Release;
		};
		74D1DC687F0EF205365300B5 /* Debug */ = {
			isa = XCBuildConfiguration;
			buildSettings = {
				ALWAYS_SEARCH_USER_PATHS = NO;
				CLANG_ENABLE_OBJC_WEAK = YES;
				CLANG_WARN_BLOCK_CAPTURE_AUTORELEASING = YES;
				CLANG_WARN_BOOL_CONVERSION = YES;
				CLANG_WARN_COMMA = YES;
				CLANG_WARN_CONSTANT_CONVERSION = YES;
				CLANG_WARN_DEPRECATED_OBJC_IMPLEMENTATIONS = YES;
				CLANG_WARN_EMPTY_BODY = YES;
				CLANG_WARN_ENUM_CONVERSION = YES;
				CLANG_WARN_INFINITE_RECURSION = YES;
				CLANG_WARN_INT_CONVERSION = YES;
				CLANG_WARN_NON_LITERAL_NULL_CONVERSION = YES;
				CLANG_WARN_OBJC_IMPLICIT_RETAIN_SELF = YES;
				CLANG_WARN_OBJC_LITERAL_CONVERSION = YES;
				CLANG_WARN_RANGE_LOOP_ANALYSIS = YES;
				CLANG_WARN_STRICT_PROTOTYPES = YES;
				CLANG_WARN_SUSPICIOUS_MOVE = YES;
				CLANG_WARN_UNREACHABLE_CODE = YES;
				CLANG_WARN__DUPLICATE_METHOD_MATCH = YES;
				DEBUG_INFORMATION_FORMAT = dwarf;
				ENABLE_STRICT_OBJC_MSGSEND = YES;
				ENABLE_TESTABILITY = NO;
				GCC_C_LANGUAGE_STANDARD = c11;
				GCC_INLINES_ARE_PRIVATE_EXTERN = YES;
				GCC_MODEL_TUNING = G5;
				GCC_NO_COMMON_BLOCKS = YES;
				GCC_SYMBOLS_PRIVATE_EXTERN = YES;
				GCC_WARN_64_TO_32_BIT_CONVERSION = YES;
				GCC_WARN_ABOUT_RETURN_TYPE = YES;
				GCC_WARN_CHECK_SWITCH_STATEMENTS = YES;
				GCC_WARN_MISSING_PARENTHESES = YES;
				GCC_WARN_NON_VIRTUAL_DESTRUCTOR = YES;
				GCC_WARN_TYPECHECK_CALLS_TO_PRINTF = YES;
				GCC_WARN_UNDECLARED_SELECTOR = YES;
				GCC_WARN_UNINITIALIZED_AUTOS = YES;
				GCC_WARN_UNUSED_FUNCTION = YES;
				GCC_WARN_UNUSED_VARIABLE = YES;
				ONLY_ACTIVE_ARCH = YES;
				OTHER_CODE_SIGN_FLAGS = --timestamp;
				PRODUCT_NAME = "PrototypeNoisiTestingPlatform";
				SDKROOT = macosx;
				WARNING_CFLAGS = "-Wreorder";
				ZERO_LINK = NO;
			};
			name = Debug;
		};
		E762DFD3ED28A37C9B16290D /* Release */ = {
			isa = XCBuildConfiguration;
			buildSettings = {
				ALWAYS_SEARCH_USER_PATHS = NO;
				CLANG_ENABLE_OBJC_WEAK = YES;
				CLANG_WARN_BLOCK_CAPTURE_AUTORELEASING = YES;
				CLANG_WARN_BOOL_CONVERSION = YES;
				CLANG_WARN_COMMA = YES;
				CLANG_WARN_CONSTANT_CONVERSION = YES;
				CLANG_WARN_DEPRECATED_OBJC_IMPLEMENTATIONS = YES;
				CLANG_WARN_EMPTY_BODY = YES;
				CLANG_WARN_ENUM_CONVERSION = YES;
				CLANG_WARN_INFINITE_RECURSION = YES;
				CLANG_WARN_INT_CONVERSION = YES;
				CLANG_WARN_NON_LITERAL_NULL_CONVERSION = YES;
				CLANG_WARN_OBJC_IMPLICIT_RETAIN_SELF = YES;
				CLANG_WARN_OBJC_LITERAL_CONVERSION = YES;
				CLANG_WARN_RANGE_LOOP_ANALYSIS = YES;
				CLANG_WARN_STRICT_PROTOTYPES = YES;
				CLANG_WARN_SUSPICIOUS_MOVE = YES;
				CLANG_WARN_UNREACHABLE_CODE = YES;
				CLANG_WARN__DUPLICATE_METHOD_MATCH = YES;
				DEBUG_INFORMATION_FORMAT = dwarf;
				ENABLE_STRICT_OBJC_MSGSEND = YES;
				ENABLE_TESTABILITY = NO;
				GCC_C_LANGUAGE_STANDARD = c11;
				GCC_INLINES_ARE_PRIVATE_EXTERN = YES;
				GCC_MODEL_TUNING = G5;
				GCC_NO_COMMON_BLOCKS = YES;
				GCC_SYMBOLS_PRIVATE_EXTERN = YES;
				GCC_WARN_64_TO_32_BIT_CONVERSION = YES;
				GCC_WARN_ABOUT_RETURN_TYPE = YES;
				GCC_WARN_CHECK_SWITCH_STATEMENTS = YES;
				GCC_WARN_MISSING_PARENTHESES = YES;
				GCC_WARN_NON_VIRTUAL_DESTRUCTOR = YES;
				GCC_WARN_TYPECHECK_CALLS_TO_PRINTF = YES;
				GCC_WARN_UNDECLARED_SELECTOR = YES;
				GCC_WARN_UNINITIALIZED_AUTOS = YES;
				GCC_WARN_UNUSED_FUNCTION = YES;
				GCC_WARN_UNUSED_VARIABLE = YES;
				OTHER_CODE_SIGN_FLAGS = --timestamp;
				PRODUCT_NAME = "PrototypeNoisiTestingPlatform";
				SDKROOT = macosx;
				WARNING_CFLAGS = "-Wreorder";
				ZERO_LINK = NO;
			};
			name = Release;
		};
/* End XCBuildConfiguration section */

/* Begin XCConfigurationList section */
		37257AF59F1DB98497C3025A = {
			isa = XCConfigurationList;
			buildConfigurations = (
				74D1DC687F0EF205365300B5,
				E762DFD3ED28A37C9B16290D,
			);
			defaultConfigurationIsVisible = 0;
			defaultConfigurationName = Debug;
		};
		D1791FB34A8BE451EBC000D0 = {
			isa = XCConfigurationList;
			buildConfigurations = (
				11E5853AE0DFE79CD22C2F35,
				61A52895ED47C85A0756FD89,
			);
			defaultConfigurationIsVisible = 0;
			defaultConfigurationName = Debug;
		};
/* End XCConfigurationList section */
	};
	rootObject = B9237B1805B34AD96732F1D7 /* Project object */;
}
